
Microsoft Visual Studio Solution File, Format Version 12.00
# Visual Studio Version 17
VisualStudioVersion = 17.5.33209.295
MinimumVisualStudioVersion = 10.0.40219.1
Project("{FAE04EC0-301F-11D3-BF4B-00C04F79EFBC}") = "Day6", "Day6\Day6.csproj", "{F53F6345-F83F-4152-B2FF-75AF733E4C62}"
EndProject
Global
	GlobalSection(SolutionConfigurationPlatforms) = preSolution
		Debug|Any CPU = Debug|Any CPU
		Release|Any CPU = Release|Any CPU
	EndGlobalSection
	GlobalSection(ProjectConfigurationPlatforms) = postSolution
		{F53F6345-F83F-4152-B2FF-75AF733E4C62}.Debug|Any CPU.ActiveCfg = Debug|Any CPU
		{F53F6345-F83F-4152-B2FF-75AF733E4C62}.Debug|Any CPU.Build.0 = Debug|Any CPU
		{F53F6345-F83F-4152-B2FF-75AF733E4C62}.Release|Any CPU.ActiveCfg = Release|Any CPU
		{F53F6345-F83F-4152-B2FF-75AF733E4C62}.Release|Any CPU.Build.0 = Release|Any CPU
	EndGlobalSection
	GlobalSection(SolutionProperties) = preSolution
		HideSolutionNode = FALSE
	EndGlobalSection
	GlobalSection(ExtensibilityGlobals) = postSolution
		SolutionGuid = {0B5E0938-76D5-4D8A-888A-532B5BD904D0}
	EndGlobalSection
EndGlobal
